// !$*UTF8*$!
{
	archiveVersion = 1;
	classes = {
	};
	objectVersion = 46;
	objects = {

/* Begin PBXBuildFile section */
		7D9EB3321C7B0E9800C37B22 /* BaseMidAndBotView.m in Sources */ = {isa = PBXBuildFile; fileRef = 7D9EB3231C7B0E9800C37B22 /* BaseMidAndBotView.m */; };
		7D9EB3331C7B0E9800C37B22 /* BaseTopBarView.m in Sources */ = {isa = PBXBuildFile; fileRef = 7D9EB3251C7B0E9800C37B22 /* BaseTopBarView.m */; };
		7D9EB3341C7B0E9800C37B22 /* BaseViewController.m in Sources */ = {isa = PBXBuildFile; fileRef = 7D9EB3271C7B0E9800C37B22 /* BaseViewController.m */; };
		7D9EB3351C7B0E9800C37B22 /* YCGZDefaultView.m in Sources */ = {isa = PBXBuildFile; fileRef = 7D9EB3291C7B0E9800C37B22 /* YCGZDefaultView.m */; };
		7D9EB3361C7B0E9800C37B22 /* YCJGDefaultView.m in Sources */ = {isa = PBXBuildFile; fileRef = 7D9EB32B1C7B0E9800C37B22 /* YCJGDefaultView.m */; };
		7D9EB3371C7B0E9800C37B22 /* YCPMDefaultView.m in Sources */ = {isa = PBXBuildFile; fileRef = 7D9EB32D1C7B0E9800C37B22 /* YCPMDefaultView.m */; };
		7D9EB3381C7B0E9800C37B22 /* YCPPDefaultView.m in Sources */ = {isa = PBXBuildFile; fileRef = 7D9EB32F1C7B0E9800C37B22 /* YCPPDefaultView.m */; };
		7D9EB3391C7B0E9800C37B22 /* YCSYDefaultView.m in Sources */ = {isa = PBXBuildFile; fileRef = 7D9EB3311C7B0E9800C37B22 /* YCSYDefaultView.m */; };
		7D9EB33D1C7B0FA200C37B22 /* RootViewController.m in Sources */ = {isa = PBXBuildFile; fileRef = 7D9EB33C1C7B0FA200C37B22 /* RootViewController.m */; };
		DC5B5B4F1C7A94CB00495E30 /* main.m in Sources */ = {isa = PBXBuildFile; fileRef = DC5B5B4E1C7A94CB00495E30 /* main.m */; };
		DC5B5B521C7A94CB00495E30 /* AppDelegate.m in Sources */ = {isa = PBXBuildFile; fileRef = DC5B5B511C7A94CB00495E30 /* AppDelegate.m */; };
		DC5B5B551C7A94CB00495E30 /* ViewController.m in Sources */ = {isa = PBXBuildFile; fileRef = DC5B5B541C7A94CB00495E30 /* ViewController.m */; };
		DC5B5B581C7A94CB00495E30 /* Main.storyboard in Resources */ = {isa = PBXBuildFile; fileRef = DC5B5B561C7A94CB00495E30 /* Main.storyboard */; };
		DC5B5B5A1C7A94CB00495E30 /* Assets.xcassets in Resources */ = {isa = PBXBuildFile; fileRef = DC5B5B591C7A94CB00495E30 /* Assets.xcassets */; };
		DC5B5B5D1C7A94CB00495E30 /* LaunchScreen.storyboard in Resources */ = {isa = PBXBuildFile; fileRef = DC5B5B5B1C7A94CB00495E30 /* LaunchScreen.storyboard */; };
		DC5B5B681C7A94CB00495E30 /* autionTests.m in Sources */ = {isa = PBXBuildFile; fileRef = DC5B5B671C7A94CB00495E30 /* autionTests.m */; };
		DC5B5B731C7A94CB00495E30 /* autionUITests.m in Sources */ = {isa = PBXBuildFile; fileRef = DC5B5B721C7A94CB00495E30 /* autionUITests.m */; };
		DCAA99D41C7AB142007C50E3 /* YCPMHManager.m in Sources */ = {isa = PBXBuildFile; fileRef = DCAA99D31C7AB142007C50E3 /* YCPMHManager.m */; };
		DCAA99D71C7AB173007C50E3 /* YCPPManager.m in Sources */ = {isa = PBXBuildFile; fileRef = DCAA99D61C7AB173007C50E3 /* YCPPManager.m */; };
		DCAA99DA1C7AB18D007C50E3 /* YCPMJGManager.m in Sources */ = {isa = PBXBuildFile; fileRef = DCAA99D91C7AB18D007C50E3 /* YCPMJGManager.m */; };
		DCAA99DD1C7AB1FF007C50E3 /* YCPMHIndexViewController.m in Sources */ = {isa = PBXBuildFile; fileRef = DCAA99DC1C7AB1FF007C50E3 /* YCPMHIndexViewController.m */; };
		DCAA99E01C7AB234007C50E3 /* YCPMHTableViewCell.m in Sources */ = {isa = PBXBuildFile; fileRef = DCAA99DF1C7AB234007C50E3 /* YCPMHTableViewCell.m */; };
		DCAA99E51C7AE283007C50E3 /* 方正正准黑简体.TTF in Resources */ = {isa = PBXBuildFile; fileRef = DCAA99E41C7AE283007C50E3 /* 方正正准黑简体.TTF */; };
/* End PBXBuildFile section */

/* Begin PBXContainerItemProxy section */
		DC5B5B641C7A94CB00495E30 /* PBXContainerItemProxy */ = {
			isa = PBXContainerItemProxy;
			containerPortal = DC5B5B421C7A94CB00495E30 /* Project object */;
			proxyType = 1;
			remoteGlobalIDString = DC5B5B491C7A94CB00495E30;
			remoteInfo = aution;
		};
		DC5B5B6F1C7A94CB00495E30 /* PBXContainerItemProxy */ = {
			isa = PBXContainerItemProxy;
			containerPortal = DC5B5B421C7A94CB00495E30 /* Project object */;
			proxyType = 1;
			remoteGlobalIDString = DC5B5B491C7A94CB00495E30;
			remoteInfo = aution;
		};
/* End PBXContainerItemProxy section */

/* Begin PBXFileReference section */
		7D9EB3221C7B0E9800C37B22 /* BaseMidAndBotView.h */ = {isa = PBXFileReference; fileEncoding = 4; lastKnownFileType = sourcecode.c.h; path = BaseMidAndBotView.h; sourceTree = "<group>"; };
		7D9EB3231C7B0E9800C37B22 /* BaseMidAndBotView.m */ = {isa = PBXFileReference; fileEncoding = 4; lastKnownFileType = sourcecode.c.objc; path = BaseMidAndBotView.m; sourceTree = "<group>"; };
		7D9EB3241C7B0E9800C37B22 /* BaseTopBarView.h */ = {isa = PBXFileReference; fileEncoding = 4; lastKnownFileType = sourcecode.c.h; path = BaseTopBarView.h; sourceTree = "<group>"; };
		7D9EB3251C7B0E9800C37B22 /* BaseTopBarView.m */ = {isa = PBXFileReference; fileEncoding = 4; lastKnownFileType = sourcecode.c.objc; path = BaseTopBarView.m; sourceTree = "<group>"; };
		7D9EB3261C7B0E9800C37B22 /* BaseViewController.h */ = {isa = PBXFileReference; fileEncoding = 4; lastKnownFileType = sourcecode.c.h; path = BaseViewController.h; sourceTree = "<group>"; };
		7D9EB3271C7B0E9800C37B22 /* BaseViewController.m */ = {isa = PBXFileReference; fileEncoding = 4; lastKnownFileType = sourcecode.c.objc; path = BaseViewController.m; sourceTree = "<group>"; };
		7D9EB3281C7B0E9800C37B22 /* YCGZDefaultView.h */ = {isa = PBXFileReference; fileEncoding = 4; lastKnownFileType = sourcecode.c.h; path = YCGZDefaultView.h; sourceTree = "<group>"; };
		7D9EB3291C7B0E9800C37B22 /* YCGZDefaultView.m */ = {isa = PBXFileReference; fileEncoding = 4; lastKnownFileType = sourcecode.c.objc; path = YCGZDefaultView.m; sourceTree = "<group>"; };
		7D9EB32A1C7B0E9800C37B22 /* YCJGDefaultView.h */ = {isa = PBXFileReference; fileEncoding = 4; lastKnownFileType = sourcecode.c.h; path = YCJGDefaultView.h; sourceTree = "<group>"; };
		7D9EB32B1C7B0E9800C37B22 /* YCJGDefaultView.m */ = {isa = PBXFileReference; fileEncoding = 4; lastKnownFileType = sourcecode.c.objc; path = YCJGDefaultView.m; sourceTree = "<group>"; };
		7D9EB32C1C7B0E9800C37B22 /* YCPMDefaultView.h */ = {isa = PBXFileReference; fileEncoding = 4; lastKnownFileType = sourcecode.c.h; path = YCPMDefaultView.h; sourceTree = "<group>"; };
		7D9EB32D1C7B0E9800C37B22 /* YCPMDefaultView.m */ = {isa = PBXFileReference; fileEncoding = 4; lastKnownFileType = sourcecode.c.objc; path = YCPMDefaultView.m; sourceTree = "<group>"; };
		7D9EB32E1C7B0E9800C37B22 /* YCPPDefaultView.h */ = {isa = PBXFileReference; fileEncoding = 4; lastKnownFileType = sourcecode.c.h; path = YCPPDefaultView.h; sourceTree = "<group>"; };
		7D9EB32F1C7B0E9800C37B22 /* YCPPDefaultView.m */ = {isa = PBXFileReference; fileEncoding = 4; lastKnownFileType = sourcecode.c.objc; path = YCPPDefaultView.m; sourceTree = "<group>"; };
		7D9EB3301C7B0E9800C37B22 /* YCSYDefaultView.h */ = {isa = PBXFileReference; fileEncoding = 4; lastKnownFileType = sourcecode.c.h; path = YCSYDefaultView.h; sourceTree = "<group>"; };
		7D9EB3311C7B0E9800C37B22 /* YCSYDefaultView.m */ = {isa = PBXFileReference; fileEncoding = 4; lastKnownFileType = sourcecode.c.objc; path = YCSYDefaultView.m; sourceTree = "<group>"; };
		7D9EB33B1C7B0FA200C37B22 /* RootViewController.h */ = {isa = PBXFileReference; fileEncoding = 4; lastKnownFileType = sourcecode.c.h; path = RootViewController.h; sourceTree = "<group>"; };
		7D9EB33C1C7B0FA200C37B22 /* RootViewController.m */ = {isa = PBXFileReference; fileEncoding = 4; lastKnownFileType = sourcecode.c.objc; path = RootViewController.m; sourceTree = "<group>"; };
		DC5B5B4A1C7A94CB00495E30 /* aution.app */ = {isa = PBXFileReference; explicitFileType = wrapper.application; includeInIndex = 0; path = aution.app; sourceTree = BUILT_PRODUCTS_DIR; };
		DC5B5B4E1C7A94CB00495E30 /* main.m */ = {isa = PBXFileReference; lastKnownFileType = sourcecode.c.objc; path = main.m; sourceTree = "<group>"; };
		DC5B5B501C7A94CB00495E30 /* AppDelegate.h */ = {isa = PBXFileReference; lastKnownFileType = sourcecode.c.h; path = AppDelegate.h; sourceTree = "<group>"; };
		DC5B5B511C7A94CB00495E30 /* AppDelegate.m */ = {isa = PBXFileReference; lastKnownFileType = sourcecode.c.objc; path = AppDelegate.m; sourceTree = "<group>"; };
		DC5B5B531C7A94CB00495E30 /* ViewController.h */ = {isa = PBXFileReference; lastKnownFileType = sourcecode.c.h; path = ViewController.h; sourceTree = "<group>"; };
		DC5B5B541C7A94CB00495E30 /* ViewController.m */ = {isa = PBXFileReference; lastKnownFileType = sourcecode.c.objc; path = ViewController.m; sourceTree = "<group>"; };
		DC5B5B571C7A94CB00495E30 /* Base */ = {isa = PBXFileReference; lastKnownFileType = file.storyboard; name = Base; path = Base.lproj/Main.storyboard; sourceTree = "<group>"; };
		DC5B5B591C7A94CB00495E30 /* Assets.xcassets */ = {isa = PBXFileReference; lastKnownFileType = folder.assetcatalog; path = Assets.xcassets; sourceTree = "<group>"; };
		DC5B5B5C1C7A94CB00495E30 /* Base */ = {isa = PBXFileReference; lastKnownFileType = file.storyboard; name = Base; path = Base.lproj/LaunchScreen.storyboard; sourceTree = "<group>"; };
		DC5B5B5E1C7A94CB00495E30 /* Info.plist */ = {isa = PBXFileReference; lastKnownFileType = text.plist.xml; path = Info.plist; sourceTree = "<group>"; };
		DC5B5B631C7A94CB00495E30 /* autionTests.xctest */ = {isa = PBXFileReference; explicitFileType = wrapper.cfbundle; includeInIndex = 0; path = autionTests.xctest; sourceTree = BUILT_PRODUCTS_DIR; };
		DC5B5B671C7A94CB00495E30 /* autionTests.m */ = {isa = PBXFileReference; lastKnownFileType = sourcecode.c.objc; path = autionTests.m; sourceTree = "<group>"; };
		DC5B5B691C7A94CB00495E30 /* Info.plist */ = {isa = PBXFileReference; lastKnownFileType = text.plist.xml; path = Info.plist; sourceTree = "<group>"; };
		DC5B5B6E1C7A94CB00495E30 /* autionUITests.xctest */ = {isa = PBXFileReference; explicitFileType = wrapper.cfbundle; includeInIndex = 0; path = autionUITests.xctest; sourceTree = BUILT_PRODUCTS_DIR; };
		DC5B5B721C7A94CB00495E30 /* autionUITests.m */ = {isa = PBXFileReference; lastKnownFileType = sourcecode.c.objc; path = autionUITests.m; sourceTree = "<group>"; };
		DC5B5B741C7A94CB00495E30 /* Info.plist */ = {isa = PBXFileReference; lastKnownFileType = text.plist.xml; path = Info.plist; sourceTree = "<group>"; };
		DCAA99D21C7AB142007C50E3 /* YCPMHManager.h */ = {isa = PBXFileReference; fileEncoding = 4; lastKnownFileType = sourcecode.c.h; path = YCPMHManager.h; sourceTree = "<group>"; };
		DCAA99D31C7AB142007C50E3 /* YCPMHManager.m */ = {isa = PBXFileReference; fileEncoding = 4; lastKnownFileType = sourcecode.c.objc; path = YCPMHManager.m; sourceTree = "<group>"; };
		DCAA99D51C7AB173007C50E3 /* YCPPManager.h */ = {isa = PBXFileReference; fileEncoding = 4; lastKnownFileType = sourcecode.c.h; path = YCPPManager.h; sourceTree = "<group>"; };
		DCAA99D61C7AB173007C50E3 /* YCPPManager.m */ = {isa = PBXFileReference; fileEncoding = 4; lastKnownFileType = sourcecode.c.objc; path = YCPPManager.m; sourceTree = "<group>"; };
		DCAA99D81C7AB18D007C50E3 /* YCPMJGManager.h */ = {isa = PBXFileReference; fileEncoding = 4; lastKnownFileType = sourcecode.c.h; path = YCPMJGManager.h; sourceTree = "<group>"; };
		DCAA99D91C7AB18D007C50E3 /* YCPMJGManager.m */ = {isa = PBXFileReference; fileEncoding = 4; lastKnownFileType = sourcecode.c.objc; path = YCPMJGManager.m; sourceTree = "<group>"; };
		DCAA99DB1C7AB1FF007C50E3 /* YCPMHIndexViewController.h */ = {isa = PBXFileReference; fileEncoding = 4; lastKnownFileType = sourcecode.c.h; path = YCPMHIndexViewController.h; sourceTree = "<group>"; };
		DCAA99DC1C7AB1FF007C50E3 /* YCPMHIndexViewController.m */ = {isa = PBXFileReference; fileEncoding = 4; lastKnownFileType = sourcecode.c.objc; path = YCPMHIndexViewController.m; sourceTree = "<group>"; };
		DCAA99DE1C7AB234007C50E3 /* YCPMHTableViewCell.h */ = {isa = PBXFileReference; fileEncoding = 4; lastKnownFileType = sourcecode.c.h; path = YCPMHTableViewCell.h; sourceTree = "<group>"; };
		DCAA99DF1C7AB234007C50E3 /* YCPMHTableViewCell.m */ = {isa = PBXFileReference; fileEncoding = 4; lastKnownFileType = sourcecode.c.objc; path = YCPMHTableViewCell.m; sourceTree = "<group>"; };
		DCAA99E41C7AE283007C50E3 /* 方正正准黑简体.TTF */ = {isa = PBXFileReference; lastKnownFileType = file; path = "方正正准黑简体.TTF"; sourceTree = "<group>"; };
/* End PBXFileReference section */

/* Begin PBXFrameworksBuildPhase section */
		DC5B5B471C7A94CB00495E30 /* Frameworks */ = {
			isa = PBXFrameworksBuildPhase;
			buildActionMask = 2147483647;
			files = (
			);
			runOnlyForDeploymentPostprocessing = 0;
		};
		DC5B5B601C7A94CB00495E30 /* Frameworks */ = {
			isa = PBXFrameworksBuildPhase;
			buildActionMask = 2147483647;
			files = (
			);
			runOnlyForDeploymentPostprocessing = 0;
		};
		DC5B5B6B1C7A94CB00495E30 /* Frameworks */ = {
			isa = PBXFrameworksBuildPhase;
			buildActionMask = 2147483647;
			files = (
			);
			runOnlyForDeploymentPostprocessing = 0;
		};
/* End PBXFrameworksBuildPhase section */

/* Begin PBXGroup section */
		7D9EB33A1C7B0E9E00C37B22 /* 主界面 */ = {
			isa = PBXGroup;
			children = (
				7D9EB3221C7B0E9800C37B22 /* BaseMidAndBotView.h */,
				7D9EB3231C7B0E9800C37B22 /* BaseMidAndBotView.m */,
				7D9EB3241C7B0E9800C37B22 /* BaseTopBarView.h */,
				7D9EB3251C7B0E9800C37B22 /* BaseTopBarView.m */,
				7D9EB3261C7B0E9800C37B22 /* BaseViewController.h */,
				7D9EB3271C7B0E9800C37B22 /* BaseViewController.m */,
				7D9EB3281C7B0E9800C37B22 /* YCGZDefaultView.h */,
				7D9EB3291C7B0E9800C37B22 /* YCGZDefaultView.m */,
				7D9EB32A1C7B0E9800C37B22 /* YCJGDefaultView.h */,
				7D9EB32B1C7B0E9800C37B22 /* YCJGDefaultView.m */,
				7D9EB32C1C7B0E9800C37B22 /* YCPMDefaultView.h */,
				7D9EB32D1C7B0E9800C37B22 /* YCPMDefaultView.m */,
				7D9EB32E1C7B0E9800C37B22 /* YCPPDefaultView.h */,
				7D9EB32F1C7B0E9800C37B22 /* YCPPDefaultView.m */,
				7D9EB3301C7B0E9800C37B22 /* YCSYDefaultView.h */,
				7D9EB3311C7B0E9800C37B22 /* YCSYDefaultView.m */,
			);
			name = "主界面";
			sourceTree = "<group>";
		};
		DC5B5B411C7A94CA00495E30 = {
			isa = PBXGroup;
			children = (
				DCAA99E41C7AE283007C50E3 /* 方正正准黑简体.TTF */,
				DC5B5B4C1C7A94CB00495E30 /* aution */,
				DC5B5B661C7A94CB00495E30 /* autionTests */,
				DC5B5B711C7A94CB00495E30 /* autionUITests */,
				DC5B5B4B1C7A94CB00495E30 /* Products */,
			);
			sourceTree = "<group>";
		};
		DC5B5B4B1C7A94CB00495E30 /* Products */ = {
			isa = PBXGroup;
			children = (
				DC5B5B4A1C7A94CB00495E30 /* aution.app */,
				DC5B5B631C7A94CB00495E30 /* autionTests.xctest */,
				DC5B5B6E1C7A94CB00495E30 /* autionUITests.xctest */,
			);
			name = Products;
			sourceTree = "<group>";
		};
		DC5B5B4C1C7A94CB00495E30 /* aution */ = {
			isa = PBXGroup;
			children = (
				7D9EB33A1C7B0E9E00C37B22 /* 主界面 */,
				DCAA99E41C7AE283007C50E3 /* 方正正准黑简体.TTF */,
				DCAA99D11C7AB11D007C50E3 /* model */,
				DCAA99D01C7AB114007C50E3 /* controller */,
				DCAA99CF1C7AB105007C50E3 /* view */,
				DC5B5B501C7A94CB00495E30 /* AppDelegate.h */,
				DC5B5B511C7A94CB00495E30 /* AppDelegate.m */,
				DC5B5B531C7A94CB00495E30 /* ViewController.h */,
				DC5B5B541C7A94CB00495E30 /* ViewController.m */,
				7D9EB33B1C7B0FA200C37B22 /* RootViewController.h */,
				7D9EB33C1C7B0FA200C37B22 /* RootViewController.m */,
				DC5B5B561C7A94CB00495E30 /* Main.storyboard */,
				DC5B5B591C7A94CB00495E30 /* Assets.xcassets */,
				DC5B5B5B1C7A94CB00495E30 /* LaunchScreen.storyboard */,
				DC5B5B5E1C7A94CB00495E30 /* Info.plist */,
				DC5B5B4D1C7A94CB00495E30 /* Supporting Files */,
			);
			path = aution;
			sourceTree = "<group>";
		};
		DC5B5B4D1C7A94CB00495E30 /* Supporting Files */ = {
			isa = PBXGroup;
			children = (
				DC5B5B4E1C7A94CB00495E30 /* main.m */,
			);
			name = "Supporting Files";
			sourceTree = "<group>";
		};
		DC5B5B661C7A94CB00495E30 /* autionTests */ = {
			isa = PBXGroup;
			children = (
				DC5B5B671C7A94CB00495E30 /* autionTests.m */,
				DC5B5B691C7A94CB00495E30 /* Info.plist */,
			);
			path = autionTests;
			sourceTree = "<group>";
		};
		DC5B5B711C7A94CB00495E30 /* autionUITests */ = {
			isa = PBXGroup;
			children = (
				DC5B5B721C7A94CB00495E30 /* autionUITests.m */,
				DC5B5B741C7A94CB00495E30 /* Info.plist */,
			);
			path = autionUITests;
			sourceTree = "<group>";
		};
		DCAA99CF1C7AB105007C50E3 /* view */ = {
			isa = PBXGroup;
			children = (
				DCAA99DE1C7AB234007C50E3 /* YCPMHTableViewCell.h */,
				DCAA99DF1C7AB234007C50E3 /* YCPMHTableViewCell.m */,
			);
			name = view;
			sourceTree = "<group>";
		};
		DCAA99D01C7AB114007C50E3 /* controller */ = {
			isa = PBXGroup;
			children = (
				DCAA99DB1C7AB1FF007C50E3 /* YCPMHIndexViewController.h */,
				DCAA99DC1C7AB1FF007C50E3 /* YCPMHIndexViewController.m */,
			);
			name = controller;
			sourceTree = "<group>";
		};
		DCAA99D11C7AB11D007C50E3 /* model */ = {
			isa = PBXGroup;
			children = (
				DCAA99D21C7AB142007C50E3 /* YCPMHManager.h */,
				DCAA99D31C7AB142007C50E3 /* YCPMHManager.m */,
				DCAA99D51C7AB173007C50E3 /* YCPPManager.h */,
				DCAA99D61C7AB173007C50E3 /* YCPPManager.m */,
				DCAA99D81C7AB18D007C50E3 /* YCPMJGManager.h */,
				DCAA99D91C7AB18D007C50E3 /* YCPMJGManager.m */,
			);
			name = model;
			sourceTree = "<group>";
		};
/* End PBXGroup section */

/* Begin PBXNativeTarget section */
		DC5B5B491C7A94CB00495E30 /* aution */ = {
			isa = PBXNativeTarget;
			buildConfigurationList = DC5B5B771C7A94CB00495E30 /* Build configuration list for PBXNativeTarget "aution" */;
			buildPhases = (
				DC5B5B461C7A94CB00495E30 /* Sources */,
				DC5B5B471C7A94CB00495E30 /* Frameworks */,
				DC5B5B481C7A94CB00495E30 /* Resources */,
			);
			buildRules = (
			);
			dependencies = (
			);
			name = aution;
			productName = aution;
			productReference = DC5B5B4A1C7A94CB00495E30 /* aution.app */;
			productType = "com.apple.product-type.application";
		};
		DC5B5B621C7A94CB00495E30 /* autionTests */ = {
			isa = PBXNativeTarget;
			buildConfigurationList = DC5B5B7A1C7A94CB00495E30 /* Build configuration list for PBXNativeTarget "autionTests" */;
			buildPhases = (
				DC5B5B5F1C7A94CB00495E30 /* Sources */,
				DC5B5B601C7A94CB00495E30 /* Frameworks */,
				DC5B5B611C7A94CB00495E30 /* Resources */,
			);
			buildRules = (
			);
			dependencies = (
				DC5B5B651C7A94CB00495E30 /* PBXTargetDependency */,
			);
			name = autionTests;
			productName = autionTests;
			productReference = DC5B5B631C7A94CB00495E30 /* autionTests.xctest */;
			productType = "com.apple.product-type.bundle.unit-test";
		};
		DC5B5B6D1C7A94CB00495E30 /* autionUITests */ = {
			isa = PBXNativeTarget;
			buildConfigurationList = DC5B5B7D1C7A94CB00495E30 /* Build configuration list for PBXNativeTarget "autionUITests" */;
			buildPhases = (
				DC5B5B6A1C7A94CB00495E30 /* Sources */,
				DC5B5B6B1C7A94CB00495E30 /* Frameworks */,
				DC5B5B6C1C7A94CB00495E30 /* Resources */,
			);
			buildRules = (
			);
			dependencies = (
				DC5B5B701C7A94CB00495E30 /* PBXTargetDependency */,
			);
			name = autionUITests;
			productName = autionUITests;
			productReference = DC5B5B6E1C7A94CB00495E30 /* autionUITests.xctest */;
			productType = "com.apple.product-type.bundle.ui-testing";
		};
/* End PBXNativeTarget section */

/* Begin PBXProject section */
		DC5B5B421C7A94CB00495E30 /* Project object */ = {
			isa = PBXProject;
			attributes = {
				LastUpgradeCheck = 0720;
				ORGANIZATIONNAME = xusc;
				TargetAttributes = {
					DC5B5B491C7A94CB00495E30 = {
						CreatedOnToolsVersion = 7.2;
						DevelopmentTeam = 3LX53VVNYY;
					};
					DC5B5B621C7A94CB00495E30 = {
						CreatedOnToolsVersion = 7.2;
						DevelopmentTeam = 3LX53VVNYY;
						TestTargetID = DC5B5B491C7A94CB00495E30;
					};
					DC5B5B6D1C7A94CB00495E30 = {
						CreatedOnToolsVersion = 7.2;
						DevelopmentTeam = 3LX53VVNYY;
						TestTargetID = DC5B5B491C7A94CB00495E30;
					};
				};
			};
			buildConfigurationList = DC5B5B451C7A94CB00495E30 /* Build configuration list for PBXProject "aution" */;
			compatibilityVersion = "Xcode 3.2";
			developmentRegion = English;
			hasScannedForEncodings = 0;
			knownRegions = (
				en,
				Base,
			);
			mainGroup = DC5B5B411C7A94CA00495E30;
			productRefGroup = DC5B5B4B1C7A94CB00495E30 /* Products */;
			projectDirPath = "";
			projectRoot = "";
			targets = (
				DC5B5B491C7A94CB00495E30 /* aution */,
				DC5B5B621C7A94CB00495E30 /* autionTests */,
				DC5B5B6D1C7A94CB00495E30 /* autionUITests */,
			);
		};
/* End PBXProject section */

/* Begin PBXResourcesBuildPhase section */
		DC5B5B481C7A94CB00495E30 /* Resources */ = {
			isa = PBXResourcesBuildPhase;
			buildActionMask = 2147483647;
			files = (
				DCAA99E51C7AE283007C50E3 /* 方正正准黑简体.TTF in Resources */,
				DC5B5B5D1C7A94CB00495E30 /* LaunchScreen.storyboard in Resources */,
				DC5B5B5A1C7A94CB00495E30 /* Assets.xcassets in Resources */,
				DC5B5B581C7A94CB00495E30 /* Main.storyboard in Resources */,
			);
			runOnlyForDeploymentPostprocessing = 0;
		};
		DC5B5B611C7A94CB00495E30 /* Resources */ = {
			isa = PBXResourcesBuildPhase;
			buildActionMask = 2147483647;
			files = (
			);
			runOnlyForDeploymentPostprocessing = 0;
		};
		DC5B5B6C1C7A94CB00495E30 /* Resources */ = {
			isa = PBXResourcesBuildPhase;
			buildActionMask = 2147483647;
			files = (
			);
			runOnlyForDeploymentPostprocessing = 0;
		};
/* End PBXResourcesBuildPhase section */

/* Begin PBXSourcesBuildPhase section */
		DC5B5B461C7A94CB00495E30 /* Sources */ = {
			isa = PBXSourcesBuildPhase;
			buildActionMask = 2147483647;
			files = (
				DC5B5B551C7A94CB00495E30 /* ViewController.m in Sources */,
				DCAA99D41C7AB142007C50E3 /* YCPMHManager.m in Sources */,
				7D9EB3341C7B0E9800C37B22 /* BaseViewController.m in Sources */,
				7D9EB3371C7B0E9800C37B22 /* YCPMDefaultView.m in Sources */,
				7D9EB3391C7B0E9800C37B22 /* YCSYDefaultView.m in Sources */,
				7D9EB3381C7B0E9800C37B22 /* YCPPDefaultView.m in Sources */,
				DC5B5B521C7A94CB00495E30 /* AppDelegate.m in Sources */,
				7D9EB3331C7B0E9800C37B22 /* BaseTopBarView.m in Sources */,
				DCAA99E01C7AB234007C50E3 /* YCPMHTableViewCell.m in Sources */,
				7D9EB3321C7B0E9800C37B22 /* BaseMidAndBotView.m in Sources */,
				DCAA99DD1C7AB1FF007C50E3 /* YCPMHIndexViewController.m in Sources */,
				DCAA99DA1C7AB18D007C50E3 /* YCPMJGManager.m in Sources */,
				7D9EB33D1C7B0FA200C37B22 /* RootViewController.m in Sources */,
				7D9EB3351C7B0E9800C37B22 /* YCGZDefaultView.m in Sources */,
				DC5B5B4F1C7A94CB00495E30 /* main.m in Sources */,
				7D9EB3361C7B0E9800C37B22 /* YCJGDefaultView.m in Sources */,
				DCAA99D71C7AB173007C50E3 /* YCPPManager.m in Sources */,
			);
			runOnlyForDeploymentPostprocessing = 0;
		};
		DC5B5B5F1C7A94CB00495E30 /* Sources */ = {
			isa = PBXSourcesBuildPhase;
			buildActionMask = 2147483647;
			files = (
				DC5B5B681C7A94CB00495E30 /* autionTests.m in Sources */,
			);
			runOnlyForDeploymentPostprocessing = 0;
		};
		DC5B5B6A1C7A94CB00495E30 /* Sources */ = {
			isa = PBXSourcesBuildPhase;
			buildActionMask = 2147483647;
			files = (
				DC5B5B731C7A94CB00495E30 /* autionUITests.m in Sources */,
			);
			runOnlyForDeploymentPostprocessing = 0;
		};
/* End PBXSourcesBuildPhase section */

/* Begin PBXTargetDependency section */
		DC5B5B651C7A94CB00495E30 /* PBXTargetDependency */ = {
			isa = PBXTargetDependency;
			target = DC5B5B491C7A94CB00495E30 /* aution */;
			targetProxy = DC5B5B641C7A94CB00495E30 /* PBXContainerItemProxy */;
		};
		DC5B5B701C7A94CB00495E30 /* PBXTargetDependency */ = {
			isa = PBXTargetDependency;
			target = DC5B5B491C7A94CB00495E30 /* aution */;
			targetProxy = DC5B5B6F1C7A94CB00495E30 /* PBXContainerItemProxy */;
		};
/* End PBXTargetDependency section */

/* Begin PBXVariantGroup section */
		DC5B5B561C7A94CB00495E30 /* Main.storyboard */ = {
			isa = PBXVariantGroup;
			children = (
				DC5B5B571C7A94CB00495E30 /* Base */,
			);
			name = Main.storyboard;
			sourceTree = "<group>";
		};
		DC5B5B5B1C7A94CB00495E30 /* LaunchScreen.storyboard */ = {
			isa = PBXVariantGroup;
			children = (
				DC5B5B5C1C7A94CB00495E30 /* Base */,
			);
			name = LaunchScreen.storyboard;
			sourceTree = "<group>";
		};
/* End PBXVariantGroup section */

/* Begin XCBuildConfiguration section */
		DC5B5B751C7A94CB00495E30 /* Debug */ = {
			isa = XCBuildConfiguration;
			buildSettings = {
				ALWAYS_SEARCH_USER_PATHS = NO;
				CLANG_CXX_LANGUAGE_STANDARD = "gnu++0x";
				CLANG_CXX_LIBRARY = "libc++";
				CLANG_ENABLE_MODULES = YES;
				CLANG_ENABLE_OBJC_ARC = YES;
				CLANG_WARN_BOOL_CONVERSION = YES;
				CLANG_WARN_CONSTANT_CONVERSION = YES;
				CLANG_WARN_DIRECT_OBJC_ISA_USAGE = YES_ERROR;
				CLANG_WARN_EMPTY_BODY = YES;
				CLANG_WARN_ENUM_CONVERSION = YES;
				CLANG_WARN_INT_CONVERSION = YES;
				CLANG_WARN_OBJC_ROOT_CLASS = YES_ERROR;
				CLANG_WARN_UNREACHABLE_CODE = YES;
				CLANG_WARN__DUPLICATE_METHOD_MATCH = YES;
				"CODE_SIGN_IDENTITY[sdk=iphoneos*]" = "iPhone Developer";
				COPY_PHASE_STRIP = NO;
				DEBUG_INFORMATION_FORMAT = dwarf;
				ENABLE_STRICT_OBJC_MSGSEND = YES;
				ENABLE_TESTABILITY = YES;
				GCC_C_LANGUAGE_STANDARD = gnu99;
				GCC_DYNAMIC_NO_PIC = NO;
				GCC_NO_COMMON_BLOCKS = YES;
				GCC_OPTIMIZATION_LEVEL = 0;
				GCC_PREPROCESSOR_DEFINITIONS = (
					"DEBUG=1",
					"$(inherited)",
				);
				GCC_WARN_64_TO_32_BIT_CONVERSION = YES;
				GCC_WARN_ABOUT_RETURN_TYPE = YES_ERROR;
				GCC_WARN_UNDECLARED_SELECTOR = YES;
				GCC_WARN_UNINITIALIZED_AUTOS = YES_AGGRESSIVE;
				GCC_WARN_UNUSED_FUNCTION = YES;
				GCC_WARN_UNUSED_VARIABLE = YES;
				IPHONEOS_DEPLOYMENT_TARGET = 9.2;
				MTL_ENABLE_DEBUG_INFO = YES;
				ONLY_ACTIVE_ARCH = YES;
				SDKROOT = iphoneos;
			};
			name = Debug;
		};
		DC5B5B761C7A94CB00495E30 /* Release */ = {
			isa = XCBuildConfiguration;
			buildSettings = {
				ALWAYS_SEARCH_USER_PATHS = NO;
				CLANG_CXX_LANGUAGE_STANDARD = "gnu++0x";
				CLANG_CXX_LIBRARY = "libc++";
				CLANG_ENABLE_MODULES = YES;
				CLANG_ENABLE_OBJC_ARC = YES;
				CLANG_WARN_BOOL_CONVERSION = YES;
				CLANG_WARN_CONSTANT_CONVERSION = YES;
				CLANG_WARN_DIRECT_OBJC_ISA_USAGE = YES_ERROR;
				CLANG_WARN_EMPTY_BODY = YES;
				CLANG_WARN_ENUM_CONVERSION = YES;
				CLANG_WARN_INT_CONVERSION = YES;
				CLANG_WARN_OBJC_ROOT_CLASS = YES_ERROR;
				CLANG_WARN_UNREACHABLE_CODE = YES;
				CLANG_WARN__DUPLICATE_METHOD_MATCH = YES;
				"CODE_SIGN_IDENTITY[sdk=iphoneos*]" = "iPhone Developer";
				COPY_PHASE_STRIP = NO;
				DEBUG_INFORMATION_FORMAT = "dwarf-with-dsym";
				ENABLE_NS_ASSERTIONS = NO;
				ENABLE_STRICT_OBJC_MSGSEND = YES;
				GCC_C_LANGUAGE_STANDARD = gnu99;
				GCC_NO_COMMON_BLOCKS = YES;
				GCC_WARN_64_TO_32_BIT_CONVERSION = YES;
				GCC_WARN_ABOUT_RETURN_TYPE = YES_ERROR;
				GCC_WARN_UNDECLARED_SELECTOR = YES;
				GCC_WARN_UNINITIALIZED_AUTOS = YES_AGGRESSIVE;
				GCC_WARN_UNUSED_FUNCTION = YES;
				GCC_WARN_UNUSED_VARIABLE = YES;
				IPHONEOS_DEPLOYMENT_TARGET = 9.2;
				MTL_ENABLE_DEBUG_INFO = NO;
				SDKROOT = iphoneos;
				VALIDATE_PRODUCT = YES;
			};
			name = Release;
		};
		DC5B5B781C7A94CB00495E30 /* Debug */ = {
			isa = XCBuildConfiguration;
			buildSettings = {
				ASSETCATALOG_COMPILER_APPICON_NAME = AppIcon;
				INFOPLIST_FILE = aution/Info.plist;
				LD_RUNPATH_SEARCH_PATHS = "$(inherited) @executable_path/Frameworks";
				PRODUCT_BUNDLE_IDENTIFIER = com.xusc.aution;
				PRODUCT_NAME = "$(TARGET_NAME)";
			};
			name = Debug;
		};
		DC5B5B791C7A94CB00495E30 /* Release */ = {
			isa = XCBuildConfiguration;
			buildSettings = {
				ASSETCATALOG_COMPILER_APPICON_NAME = AppIcon;
				INFOPLIST_FILE = aution/Info.plist;
				LD_RUNPATH_SEARCH_PATHS = "$(inherited) @executable_path/Frameworks";
				PRODUCT_BUNDLE_IDENTIFIER = com.xusc.aution;
				PRODUCT_NAME = "$(TARGET_NAME)";
			};
			name = Release;
		};
		DC5B5B7B1C7A94CB00495E30 /* Debug */ = {
			isa = XCBuildConfiguration;
			buildSettings = {
				BUNDLE_LOADER = "$(TEST_HOST)";
				INFOPLIST_FILE = autionTests/Info.plist;
				LD_RUNPATH_SEARCH_PATHS = "$(inherited) @executable_path/Frameworks @loader_path/Frameworks";
				PRODUCT_BUNDLE_IDENTIFIER = com.xusc.autionTests;
				PRODUCT_NAME = "$(TARGET_NAME)";
				TEST_HOST = "$(BUILT_PRODUCTS_DIR)/aution.app/aution";
			};
			name = Debug;
		};
		DC5B5B7C1C7A94CB00495E30 /* Release */ = {
			isa = XCBuildConfiguration;
			buildSettings = {
				BUNDLE_LOADER = "$(TEST_HOST)";
				INFOPLIST_FILE = autionTests/Info.plist;
				LD_RUNPATH_SEARCH_PATHS = "$(inherited) @executable_path/Frameworks @loader_path/Frameworks";
				PRODUCT_BUNDLE_IDENTIFIER = com.xusc.autionTests;
				PRODUCT_NAME = "$(TARGET_NAME)";
				TEST_HOST = "$(BUILT_PRODUCTS_DIR)/aution.app/aution";
			};
			name = Release;
		};
		DC5B5B7E1C7A94CB00495E30 /* Debug */ = {
			isa = XCBuildConfiguration;
			buildSettings = {
				INFOPLIST_FILE = autionUITests/Info.plist;
				LD_RUNPATH_SEARCH_PATHS = "$(inherited) @executable_path/Frameworks @loader_path/Frameworks";
				PRODUCT_BUNDLE_IDENTIFIER = com.xusc.autionUITests;
				PRODUCT_NAME = "$(TARGET_NAME)";
				TEST_TARGET_NAME = aution;
				USES_XCTRUNNER = YES;
			};
			name = Debug;
		};
		DC5B5B7F1C7A94CB00495E30 /* Release */ = {
			isa = XCBuildConfiguration;
			buildSettings = {
				INFOPLIST_FILE = autionUITests/Info.plist;
				LD_RUNPATH_SEARCH_PATHS = "$(inherited) @executable_path/Frameworks @loader_path/Frameworks";
				PRODUCT_BUNDLE_IDENTIFIER = com.xusc.autionUITests;
				PRODUCT_NAME = "$(TARGET_NAME)";
				TEST_TARGET_NAME = aution;
				USES_XCTRUNNER = YES;
			};
			name = Release;
		};
/* End XCBuildConfiguration section */

/* Begin XCConfigurationList section */
		DC5B5B451C7A94CB00495E30 /* Build configuration list for PBXProject "aution" */ = {
			isa = XCConfigurationList;
			buildConfigurations = (
				DC5B5B751C7A94CB00495E30 /* Debug */,
				DC5B5B761C7A94CB00495E30 /* Release */,
			);
			defaultConfigurationIsVisible = 0;
			defaultConfigurationName = Release;
		};
		DC5B5B771C7A94CB00495E30 /* Build configuration list for PBXNativeTarget "aution" */ = {
			isa = XCConfigurationList;
			buildConfigurations = (
				DC5B5B781C7A94CB00495E30 /* Debug */,
				DC5B5B791C7A94CB00495E30 /* Release */,
			);
			defaultConfigurationIsVisible = 0;
			defaultConfigurationName = Release;
		};
		DC5B5B7A1C7A94CB00495E30 /* Build configuration list for PBXNativeTarget "autionTests" */ = {
			isa = XCConfigurationList;
			buildConfigurations = (
				DC5B5B7B1C7A94CB00495E30 /* Debug */,
				DC5B5B7C1C7A94CB00495E30 /* Release */,
			);
			defaultConfigurationIsVisible = 0;
			defaultConfigurationName = Release;
		};
		DC5B5B7D1C7A94CB00495E30 /* Build configuration list for PBXNativeTarget "autionUITests" */ = {
			isa = XCConfigurationList;
			buildConfigurations = (
				DC5B5B7E1C7A94CB00495E30 /* Debug */,
				DC5B5B7F1C7A94CB00495E30 /* Release */,
			);
			defaultConfigurationIsVisible = 0;
			defaultConfigurationName = Release;
		};
/* End XCConfigurationList section */
	};
	rootObject = DC5B5B421C7A94CB00495E30 /* Project object */;
}
